
Microsoft Visual Studio Solution File, Format Version 10.00
# Visual Studio 2008
Project("{FAE04EC0-301F-11D3-BF4B-00C04F79EFBC}") = "ErrorsAndEvents", "ErrorsAndEvents\ErrorsAndEvents.csproj", "{F5CE6F97-4541-424F-B715-DC4D0EB11E90}"
EndProject
Project("{FAE04EC0-301F-11D3-BF4B-00C04F79EFBC}") = "TestProject", "TestProject\TestProject.csproj", "{1A24C659-50B7-4258-A756-713AFF2BE91B}"
EndProject
Global
	GlobalSection(SolutionConfigurationPlatforms) = preSolution
		Debug|Any CPU = Debug|Any CPU
		Release|Any CPU = Release|Any CPU
	EndGlobalSection
	GlobalSection(ProjectConfigurationPlatforms) = postSolution
		{F5CE6F97-4541-424F-B715-DC4D0EB11E90}.Debug|Any CPU.ActiveCfg = Debug|Any CPU
		{F5CE6F97-4541-424F-B715-DC4D0EB11E90}.Debug|Any CPU.Build.0 = Debug|Any CPU
		{F5CE6F97-4541-424F-B715-DC4D0EB11E90}.Release|Any CPU.ActiveCfg = Release|Any CPU
		{F5CE6F97-4541-424F-B715-DC4D0EB11E90}.Release|Any CPU.Build.0 = Release|Any CPU
		{1A24C659-50B7-4258-A756-713AFF2BE91B}.Debug|Any CPU.ActiveCfg = Debug|Any CPU
		{1A24C659-50B7-4258-A756-713AFF2BE91B}.Debug|Any CPU.Build.0 = Debug|Any CPU
		{1A24C659-50B7-4258-A756-713AFF2BE91B}.Release|Any CPU.ActiveCfg = Release|Any CPU
		{1A24C659-50B7-4258-A756-713AFF2BE91B}.Release|Any CPU.Build.0 = Release|Any CPU
	EndGlobalSection
	GlobalSection(SolutionProperties) = preSolution
		HideSolutionNode = FALSE
	EndGlobalSection
EndGlobal
